// !$*UTF8*$!
{
	archiveVersion = 1;
	classes = {
	};
	objectVersion = 50;
	objects = {

/* Begin PBXBuildFile section */
		0D6DA57023ED0DDC0000D1F7 /* AppDelegate.swift in Sources */ = {isa = PBXBuildFile; fileRef = 0D6DA56F23ED0DDC0000D1F7 /* AppDelegate.swift */; };
		0D6DA57223ED0DDC0000D1F7 /* SceneDelegate.swift in Sources */ = {isa = PBXBuildFile; fileRef = 0D6DA57123ED0DDC0000D1F7 /* SceneDelegate.swift */; };
		0D6DA57423ED0DDC0000D1F7 /* ContentView.swift in Sources */ = {isa = PBXBuildFile; fileRef = 0D6DA57323ED0DDC0000D1F7 /* ContentView.swift */; };
		0D6DA57623ED0DDE0000D1F7 /* Assets.xcassets in Resources */ = {isa = PBXBuildFile; fileRef = 0D6DA57523ED0DDE0000D1F7 /* Assets.xcassets */; };
		0D6DA57923ED0DDE0000D1F7 /* Preview Assets.xcassets in Resources */ = {isa = PBXBuildFile; fileRef = 0D6DA57823ED0DDE0000D1F7 /* Preview Assets.xcassets */; };
		0D6DA57C23ED0DDE0000D1F7 /* LaunchScreen.storyboard in Resources */ = {isa = PBXBuildFile; fileRef = 0D6DA57A23ED0DDE0000D1F7 /* LaunchScreen.storyboard */; };
		0D6DA58723ED0DDE0000D1F7 /* Haxor_newsTests.swift in Sources */ = {isa = PBXBuildFile; fileRef = 0D6DA58623ED0DDE0000D1F7 /* Haxor_newsTests.swift */; };
		0D6DA59223ED0DDE0000D1F7 /* Haxor_newsUITests.swift in Sources */ = {isa = PBXBuildFile; fileRef = 0D6DA59123ED0DDE0000D1F7 /* Haxor_newsUITests.swift */; };
		0DF44A8323ED1A6700AD0FCD /* NetworkManager.swift in Sources */ = {isa = PBXBuildFile; fileRef = 0DF44A8223ED1A6700AD0FCD /* NetworkManager.swift */; };
/* End PBXBuildFile section */

/* Begin PBXContainerItemProxy section */
		0D6DA58323ED0DDE0000D1F7 /* PBXContainerItemProxy */ = {
			isa = PBXContainerItemProxy;
			containerPortal = 0D6DA56423ED0DDC0000D1F7 /* Project object */;
			proxyType = 1;
			remoteGlobalIDString = 0D6DA56B23ED0DDC0000D1F7;
			remoteInfo = "Haxor-news";
		};
		0D6DA58E23ED0DDE0000D1F7 /* PBXContainerItemProxy */ = {
			isa = PBXContainerItemProxy;
			containerPortal = 0D6DA56423ED0DDC0000D1F7 /* Project object */;
			proxyType = 1;
			remoteGlobalIDString = 0D6DA56B23ED0DDC0000D1F7;
			remoteInfo = "Haxor-news";
		};
/* End PBXContainerItemProxy section */

/* Begin PBXFileReference section */
		0D6DA56C23ED0DDC0000D1F7 /* Haxor-news.app */ = {isa = PBXFileReference; explicitFileType = wrapper.application; includeInIndex = 0; path = "Haxor-news.app"; sourceTree = BUILT_PRODUCTS_DIR; };
		0D6DA56F23ED0DDC0000D1F7 /* AppDelegate.swift */ = {isa = PBXFileReference; lastKnownFileType = sourcecode.swift; path = AppDelegate.swift; sourceTree = "<group>"; };
		0D6DA57123ED0DDC0000D1F7 /* SceneDelegate.swift */ = {isa = PBXFileReference; lastKnownFileType = sourcecode.swift; path = SceneDelegate.swift; sourceTree = "<group>"; };
		0D6DA57323ED0DDC0000D1F7 /* ContentView.swift */ = {isa = PBXFileReference; lastKnownFileType = sourcecode.swift; path = ContentView.swift; sourceTree = "<group>"; };
		0D6DA57523ED0DDE0000D1F7 /* Assets.xcassets */ = {isa = PBXFileReference; lastKnownFileType = folder.assetcatalog; path = Assets.xcassets; sourceTree = "<group>"; };
		0D6DA57823ED0DDE0000D1F7 /* Preview Assets.xcassets */ = {isa = PBXFileReference; lastKnownFileType = folder.assetcatalog; path = "Preview Assets.xcassets"; sourceTree = "<group>"; };
		0D6DA57B23ED0DDE0000D1F7 /* Base */ = {isa = PBXFileReference; lastKnownFileType = file.storyboard; name = Base; path = Base.lproj/LaunchScreen.storyboard; sourceTree = "<group>"; };
		0D6DA57D23ED0DDE0000D1F7 /* Info.plist */ = {isa = PBXFileReference; lastKnownFileType = text.plist.xml; path = Info.plist; sourceTree = "<group>"; };
		0D6DA58223ED0DDE0000D1F7 /* Haxor-newsTests.xctest */ = {isa = PBXFileReference; explicitFileType = wrapper.cfbundle; includeInIndex = 0; path = "Haxor-newsTests.xctest"; sourceTree = BUILT_PRODUCTS_DIR; };
		0D6DA58623ED0DDE0000D1F7 /* Haxor_newsTests.swift */ = {isa = PBXFileReference; lastKnownFileType = sourcecode.swift; path = Haxor_newsTests.swift; sourceTree = "<group>"; };
		0D6DA58823ED0DDE0000D1F7 /* Info.plist */ = {isa = PBXFileReference; lastKnownFileType = text.plist.xml; path = Info.plist; sourceTree = "<group>"; };
		0D6DA58D23ED0DDE0000D1F7 /* Haxor-newsUITests.xctest */ = {isa = PBXFileReference; explicitFileType = wrapper.cfbundle; includeInIndex = 0; path = "Haxor-newsUITests.xctest"; sourceTree = BUILT_PRODUCTS_DIR; };
		0D6DA59123ED0DDE0000D1F7 /* Haxor_newsUITests.swift */ = {isa = PBXFileReference; lastKnownFileType = sourcecode.swift; path = Haxor_newsUITests.swift; sourceTree = "<group>"; };
		0D6DA59323ED0DDE0000D1F7 /* Info.plist */ = {isa = PBXFileReference; lastKnownFileType = text.plist.xml; path = Info.plist; sourceTree = "<group>"; };
		0DF44A8223ED1A6700AD0FCD /* NetworkManager.swift */ = {isa = PBXFileReference; lastKnownFileType = sourcecode.swift; path = NetworkManager.swift; sourceTree = "<group>"; };
/* End PBXFileReference section */

/* Begin PBXFrameworksBuildPhase section */
		0D6DA56923ED0DDC0000D1F7 /* Frameworks */ = {
			isa = PBXFrameworksBuildPhase;
			buildActionMask = 2147483647;
			files = (
			);
			runOnlyForDeploymentPostprocessing = 0;
		};
		0D6DA57F23ED0DDE0000D1F7 /* Frameworks */ = {
			isa = PBXFrameworksBuildPhase;
			buildActionMask = 2147483647;
			files = (
			);
			runOnlyForDeploymentPostprocessing = 0;
		};
		0D6DA58A23ED0DDE0000D1F7 /* Frameworks */ = {
			isa = PBXFrameworksBuildPhase;
			buildActionMask = 2147483647;
			files = (
			);
			runOnlyForDeploymentPostprocessing = 0;
		};
/* End PBXFrameworksBuildPhase section */

/* Begin PBXGroup section */
		0D6DA56323ED0DDB0000D1F7 = {
			isa = PBXGroup;
			children = (
				0D6DA56E23ED0DDC0000D1F7 /* Haxor-news */,
				0D6DA58523ED0DDE0000D1F7 /* Haxor-newsTests */,
				0D6DA59023ED0DDE0000D1F7 /* Haxor-newsUITests */,
				0D6DA56D23ED0DDC0000D1F7 /* Products */,
			);
			sourceTree = "<group>";
		};
		0D6DA56D23ED0DDC0000D1F7 /* Products */ = {
			isa = PBXGroup;
			children = (
				0D6DA56C23ED0DDC0000D1F7 /* Haxor-news.app */,
				0D6DA58223ED0DDE0000D1F7 /* Haxor-newsTests.xctest */,
				0D6DA58D23ED0DDE0000D1F7 /* Haxor-newsUITests.xctest */,
			);
			name = Products;
			sourceTree = "<group>";
		};
		0D6DA56E23ED0DDC0000D1F7 /* Haxor-news */ = {
			isa = PBXGroup;
			children = (
				0D6DA56F23ED0DDC0000D1F7 /* AppDelegate.swift */,
				0D6DA57123ED0DDC0000D1F7 /* SceneDelegate.swift */,
				0D6DA57323ED0DDC0000D1F7 /* ContentView.swift */,
				0D6DA57523ED0DDE0000D1F7 /* Assets.xcassets */,
				0D6DA57A23ED0DDE0000D1F7 /* LaunchScreen.storyboard */,
				0D6DA57D23ED0DDE0000D1F7 /* Info.plist */,
				0D6DA57723ED0DDE0000D1F7 /* Preview Content */,
				0DF44A8223ED1A6700AD0FCD /* NetworkManager.swift */,
			);
			path = "Haxor-news";
			sourceTree = "<group>";
		};
		0D6DA57723ED0DDE0000D1F7 /* Preview Content */ = {
			isa = PBXGroup;
			children = (
				0D6DA57823ED0DDE0000D1F7 /* Preview Assets.xcassets */,
			);
			path = "Preview Content";
			sourceTree = "<group>";
		};
		0D6DA58523ED0DDE0000D1F7 /* Haxor-newsTests */ = {
			isa = PBXGroup;
			children = (
				0D6DA58623ED0DDE0000D1F7 /* Haxor_newsTests.swift */,
				0D6DA58823ED0DDE0000D1F7 /* Info.plist */,
			);
			path = "Haxor-newsTests";
			sourceTree = "<group>";
		};
		0D6DA59023ED0DDE0000D1F7 /* Haxor-newsUITests */ = {
			isa = PBXGroup;
			children = (
				0D6DA59123ED0DDE0000D1F7 /* Haxor_newsUITests.swift */,
				0D6DA59323ED0DDE0000D1F7 /* Info.plist */,
			);
			path = "Haxor-newsUITests";
			sourceTree = "<group>";
		};
/* End PBXGroup section */

/* Begin PBXNativeTarget section */
		0D6DA56B23ED0DDC0000D1F7 /* Haxor-news */ = {
			isa = PBXNativeTarget;
			buildConfigurationList = 0D6DA59623ED0DDE0000D1F7 /* Build configuration list for PBXNativeTarget "Haxor-news" */;
			buildPhases = (
				0D6DA56823ED0DDC0000D1F7 /* Sources */,
				0D6DA56923ED0DDC0000D1F7 /* Frameworks */,
				0D6DA56A23ED0DDC0000D1F7 /* Resources */,
			);
			buildRules = (
			);
			dependencies = (
			);
			name = "Haxor-news";
			productName = "Haxor-news";
			productReference = 0D6DA56C23ED0DDC0000D1F7 /* Haxor-news.app */;
			productType = "com.apple.product-type.application";
		};
		0D6DA58123ED0DDE0000D1F7 /* Haxor-newsTests */ = {
			isa = PBXNativeTarget;
			buildConfigurationList = 0D6DA59923ED0DDE0000D1F7 /* Build configuration list for PBXNativeTarget "Haxor-newsTests" */;
			buildPhases = (
				0D6DA57E23ED0DDE0000D1F7 /* Sources */,
				0D6DA57F23ED0DDE0000D1F7 /* Frameworks */,
				0D6DA58023ED0DDE0000D1F7 /* Resources */,
			);
			buildRules = (
			);
			dependencies = (
				0D6DA58423ED0DDE0000D1F7 /* PBXTargetDependency */,
			);
			name = "Haxor-newsTests";
			productName = "Haxor-newsTests";
			productReference = 0D6DA58223ED0DDE0000D1F7 /* Haxor-newsTests.xctest */;
			productType = "com.apple.product-type.bundle.unit-test";
		};
		0D6DA58C23ED0DDE0000D1F7 /* Haxor-newsUITests */ = {
			isa = PBXNativeTarget;
			buildConfigurationList = 0D6DA59C23ED0DDE0000D1F7 /* Build configuration list for PBXNativeTarget "Haxor-newsUITests" */;
			buildPhases = (
				0D6DA58923ED0DDE0000D1F7 /* Sources */,
				0D6DA58A23ED0DDE0000D1F7 /* Frameworks */,
				0D6DA58B23ED0DDE0000D1F7 /* Resources */,
			);
			buildRules = (
			);
			dependencies = (
				0D6DA58F23ED0DDE0000D1F7 /* PBXTargetDependency */,
			);
			name = "Haxor-newsUITests";
			productName = "Haxor-newsUITests";
			productReference = 0D6DA58D23ED0DDE0000D1F7 /* Haxor-newsUITests.xctest */;
			productType = "com.apple.product-type.bundle.ui-testing";
		};
/* End PBXNativeTarget section */

/* Begin PBXProject section */
		0D6DA56423ED0DDC0000D1F7 /* Project object */ = {
			isa = PBXProject;
			attributes = {
				LastSwiftUpdateCheck = 1120;
				LastUpgradeCheck = 1120;
				ORGANIZATIONNAME = Baskoro;
				TargetAttributes = {
					0D6DA56B23ED0DDC0000D1F7 = {
						CreatedOnToolsVersion = 11.2.1;
					};
					0D6DA58123ED0DDE0000D1F7 = {
						CreatedOnToolsVersion = 11.2.1;
						TestTargetID = 0D6DA56B23ED0DDC0000D1F7;
					};
					0D6DA58C23ED0DDE0000D1F7 = {
						CreatedOnToolsVersion = 11.2.1;
						TestTargetID = 0D6DA56B23ED0DDC0000D1F7;
					};
				};
			};
			buildConfigurationList = 0D6DA56723ED0DDC0000D1F7 /* Build configuration list for PBXProject "Haxor-news" */;
			compatibilityVersion = "Xcode 9.3";
			developmentRegion = en;
			hasScannedForEncodings = 0;
			knownRegions = (
				en,
				Base,
			);
			mainGroup = 0D6DA56323ED0DDB0000D1F7;
			productRefGroup = 0D6DA56D23ED0DDC0000D1F7 /* Products */;
			projectDirPath = "";
			projectRoot = "";
			targets = (
				0D6DA56B23ED0DDC0000D1F7 /* Haxor-news */,
				0D6DA58123ED0DDE0000D1F7 /* Haxor-newsTests */,
				0D6DA58C23ED0DDE0000D1F7 /* Haxor-newsUITests */,
			);
		};
/* End PBXProject section */

/* Begin PBXResourcesBuildPhase section */
		0D6DA56A23ED0DDC0000D1F7 /* Resources */ = {
			isa = PBXResourcesBuildPhase;
			buildActionMask = 2147483647;
			files = (
				0D6DA57C23ED0DDE0000D1F7 /* LaunchScreen.storyboard in Resources */,
				0D6DA57923ED0DDE0000D1F7 /* Preview Assets.xcassets in Resources */,
				0D6DA57623ED0DDE0000D1F7 /* Assets.xcassets in Resources */,
			);
			runOnlyForDeploymentPostprocessing = 0;
		};
		0D6DA58023ED0DDE0000D1F7 /* Resources */ = {
			isa = PBXResourcesBuildPhase;
			buildActionMask = 2147483647;
			files = (
			);
			runOnlyForDeploymentPostprocessing = 0;
		};
		0D6DA58B23ED0DDE0000D1F7 /* Resources */ = {
			isa = PBXResourcesBuildPhase;
			buildActionMask = 2147483647;
			files = (
			);
			runOnlyForDeploymentPostprocessing = 0;
		};
/* End PBXResourcesBuildPhase section */

/* Begin PBXSourcesBuildPhase section */
		0D6DA56823ED0DDC0000D1F7 /* Sources */ = {
			isa = PBXSourcesBuildPhase;
			buildActionMask = 2147483647;
			files = (
				0DF44A8323ED1A6700AD0FCD /* NetworkManager.swift in Sources */,
				0D6DA57023ED0DDC0000D1F7 /* AppDelegate.swift in Sources */,
				0D6DA57223ED0DDC0000D1F7 /* SceneDelegate.swift in Sources */,
				0D6DA57423ED0DDC0000D1F7 /* ContentView.swift in Sources */,
			);
			runOnlyForDeploymentPostprocessing = 0;
		};
		0D6DA57E23ED0DDE0000D1F7 /* Sources */ = {
			isa = PBXSourcesBuildPhase;
			buildActionMask = 2147483647;
			files = (
				0D6DA58723ED0DDE0000D1F7 /* Haxor_newsTests.swift in Sources */,
			);
			runOnlyForDeploymentPostprocessing = 0;
		};
		0D6DA58923ED0DDE0000D1F7 /* Sources */ = {
			isa = PBXSourcesBuildPhase;
			buildActionMask = 2147483647;
			files = (
				0D6DA59223ED0DDE0000D1F7 /* Haxor_newsUITests.swift in Sources */,
			);
			runOnlyForDeploymentPostprocessing = 0;
		};
/* End PBXSourcesBuildPhase section */

/* Begin PBXTargetDependency section */
		0D6DA58423ED0DDE0000D1F7 /* PBXTargetDependency */ = {
			isa = PBXTargetDependency;
			target = 0D6DA56B23ED0DDC0000D1F7 /* Haxor-news */;
			targetProxy = 0D6DA58323ED0DDE0000D1F7 /* PBXContainerItemProxy */;
		};
		0D6DA58F23ED0DDE0000D1F7 /* PBXTargetDependency */ = {
			isa = PBXTargetDependency;
			target = 0D6DA56B23ED0DDC0000D1F7 /* Haxor-news */;
			targetProxy = 0D6DA58E23ED0DDE0000D1F7 /* PBXContainerItemProxy */;
		};
/* End PBXTargetDependency section */

/* Begin PBXVariantGroup section */
		0D6DA57A23ED0DDE0000D1F7 /* LaunchScreen.storyboard */ = {
			isa = PBXVariantGroup;
			children = (
				0D6DA57B23ED0DDE0000D1F7 /* Base */,
			);
			name = LaunchScreen.storyboard;
			sourceTree = "<group>";
		};
/* End PBXVariantGroup section */

/* Begin XCBuildConfiguration section */
		0D6DA59423ED0DDE0000D1F7 /* Debug */ = {
			isa = XCBuildConfiguration;
			buildSettings = {
				ALWAYS_SEARCH_USER_PATHS = NO;
				CLANG_ANALYZER_NONNULL = YES;
				CLANG_ANALYZER_NUMBER_OBJECT_CONVERSION = YES_AGGRESSIVE;
				CLANG_CXX_LANGUAGE_STANDARD = "gnu++14";
				CLANG_CXX_LIBRARY = "libc++";
				CLANG_ENABLE_MODULES = YES;
				CLANG_ENABLE_OBJC_ARC = YES;
				CLANG_ENABLE_OBJC_WEAK = YES;
				CLANG_WARN_BLOCK_CAPTURE_AUTORELEASING = YES;
				CLANG_WARN_BOOL_CONVERSION = YES;
				CLANG_WARN_COMMA = YES;
				CLANG_WARN_CONSTANT_CONVERSION = YES;
				CLANG_WARN_DEPRECATED_OBJC_IMPLEMENTATIONS = YES;
				CLANG_WARN_DIRECT_OBJC_ISA_USAGE = YES_ERROR;
				CLANG_WARN_DOCUMENTATION_COMMENTS = YES;
				CLANG_WARN_EMPTY_BODY = YES;
				CLANG_WARN_ENUM_CONVERSION = YES;
				CLANG_WARN_INFINITE_RECURSION = YES;
				CLANG_WARN_INT_CONVERSION = YES;
				CLANG_WARN_NON_LITERAL_NULL_CONVERSION = YES;
				CLANG_WARN_OBJC_IMPLICIT_RETAIN_SELF = YES;
				CLANG_WARN_OBJC_LITERAL_CONVERSION = YES;
				CLANG_WARN_OBJC_ROOT_CLASS = YES_ERROR;
				CLANG_WARN_RANGE_LOOP_ANALYSIS = YES;
				CLANG_WARN_STRICT_PROTOTYPES = YES;
				CLANG_WARN_SUSPICIOUS_MOVE = YES;
				CLANG_WARN_UNGUARDED_AVAILABILITY = YES_AGGRESSIVE;
				CLANG_WARN_UNREACHABLE_CODE = YES;
				CLANG_WARN__DUPLICATE_METHOD_MATCH = YES;
				COPY_PHASE_STRIP = NO;
				DEBUG_INFORMATION_FORMAT = dwarf;
				ENABLE_STRICT_OBJC_MSGSEND = YES;
				ENABLE_TESTABILITY = YES;
				GCC_C_LANGUAGE_STANDARD = gnu11;
				GCC_DYNAMIC_NO_PIC = NO;
				GCC_NO_COMMON_BLOCKS = YES;
				GCC_OPTIMIZATION_LEVEL = 0;
				GCC_PREPROCESSOR_DEFINITIONS = (
					"DEBUG=1",
					"$(inherited)",
				);
				GCC_WARN_64_TO_32_BIT_CONVERSION = YES;
				GCC_WARN_ABOUT_RETURN_TYPE = YES_ERROR;
				GCC_WARN_UNDECLARED_SELECTOR = YES;
				GCC_WARN_UNINITIALIZED_AUTOS = YES_AGGRESSIVE;
				GCC_WARN_UNUSED_FUNCTION = YES;
				GCC_WARN_UNUSED_VARIABLE = YES;
				IPHONEOS_DEPLOYMENT_TARGET = 13.2;
				MTL_ENABLE_DEBUG_INFO = INCLUDE_SOURCE;
				MTL_FAST_MATH = YES;
				ONLY_ACTIVE_ARCH = YES;
				SDKROOT = iphoneos;
				SWIFT_ACTIVE_COMPILATION_CONDITIONS = DEBUG;
				SWIFT_OPTIMIZATION_LEVEL = "-Onone";
			};
			name = Debug;
		};
		0D6DA59523ED0DDE0000D1F7 /* Release */ = {
			isa = XCBuildConfiguration;
			buildSettings = {
				ALWAYS_SEARCH_USER_PATHS = NO;
				CLANG_ANALYZER_NONNULL = YES;
				CLANG_ANALYZER_NUMBER_OBJECT_CONVERSION = YES_AGGRESSIVE;
				CLANG_CXX_LANGUAGE_STANDARD = "gnu++14";
				CLANG_CXX_LIBRARY = "libc++";
				CLANG_ENABLE_MODULES = YES;
				CLANG_ENABLE_OBJC_ARC = YES;
				CLANG_ENABLE_OBJC_WEAK = YES;
				CLANG_WARN_BLOCK_CAPTURE_AUTORELEASING = YES;
				CLANG_WARN_BOOL_CONVERSION = YES;
				CLANG_WARN_COMMA = YES;
				CLANG_WARN_CONSTANT_CONVERSION = YES;
				CLANG_WARN_DEPRECATED_OBJC_IMPLEMENTATIONS = YES;
				CLANG_WARN_DIRECT_OBJC_ISA_USAGE = YES_ERROR;
				CLANG_WARN_DOCUMENTATION_COMMENTS = YES;
				CLANG_WARN_EMPTY_BODY = YES;
				CLANG_WARN_ENUM_CONVERSION = YES;
				CLANG_WARN_INFINITE_RECURSION = YES;
				CLANG_WARN_INT_CONVERSION = YES;
				CLANG_WARN_NON_LITERAL_NULL_CONVERSION = YES;
				CLANG_WARN_OBJC_IMPLICIT_RETAIN_SELF = YES;
				CLANG_WARN_OBJC_LITERAL_CONVERSION = YES;
				CLANG_WARN_OBJC_ROOT_CLASS = YES_ERROR;
				CLANG_WARN_RANGE_LOOP_ANALYSIS = YES;
				CLANG_WARN_STRICT_PROTOTYPES = YES;
				CLANG_WARN_SUSPICIOUS_MOVE = YES;
				CLANG_WARN_UNGUARDED_AVAILABILITY = YES_AGGRESSIVE;
				CLANG_WARN_UNREACHABLE_CODE = YES;
				CLANG_WARN__DUPLICATE_METHOD_MATCH = YES;
				COPY_PHASE_STRIP = NO;
				DEBUG_INFORMATION_FORMAT = "dwarf-with-dsym";
				ENABLE_NS_ASSERTIONS = NO;
				ENABLE_STRICT_OBJC_MSGSEND = YES;
				GCC_C_LANGUAGE_STANDARD = gnu11;
				GCC_NO_COMMON_BLOCKS = YES;
				GCC_WARN_64_TO_32_BIT_CONVERSION = YES;
				GCC_WARN_ABOUT_RETURN_TYPE = YES_ERROR;
				GCC_WARN_UNDECLARED_SELECTOR = YES;
				GCC_WARN_UNINITIALIZED_AUTOS = YES_AGGRESSIVE;
				GCC_WARN_UNUSED_FUNCTION = YES;
				GCC_WARN_UNUSED_VARIABLE = YES;
				IPHONEOS_DEPLOYMENT_TARGET = 13.2;
				MTL_ENABLE_DEBUG_INFO = NO;
				MTL_FAST_MATH = YES;
				SDKROOT = iphoneos;
				SWIFT_COMPILATION_MODE = wholemodule;
				SWIFT_OPTIMIZATION_LEVEL = "-O";
				VALIDATE_PRODUCT = YES;
			};
			name = Release;
		};
		0D6DA59723ED0DDE0000D1F7 /* Debug */ = {
			isa = XCBuildConfiguration;
			buildSettings = {
				ASSETCATALOG_COMPILER_APPICON_NAME = AppIcon;
				CODE_SIGN_STYLE = Automatic;
				DEVELOPMENT_ASSET_PATHS = "\"Haxor-news/Preview Content\"";
				DEVELOPMENT_TEAM = 4ZW26WQ9Q5;
				ENABLE_PREVIEWS = YES;
				INFOPLIST_FILE = "Haxor-news/Info.plist";
				LD_RUNPATH_SEARCH_PATHS = (
					"$(inherited)",
					"@executable_path/Frameworks",
				);
				PRODUCT_BUNDLE_IDENTIFIER = "Bike.Haxor-news";
				PRODUCT_NAME = "$(TARGET_NAME)";
				SWIFT_VERSION = 5.0;
				TARGETED_DEVICE_FAMILY = "1,2";
			};
			name = Debug;
		};
		0D6DA59823ED0DDE0000D1F7 /* Release */ = {
			isa = XCBuildConfiguration;
			buildSettings = {
				ASSETCATALOG_COMPILER_APPICON_NAME = AppIcon;
				CODE_SIGN_STYLE = Automatic;
				DEVELOPMENT_ASSET_PATHS = "\"Haxor-news/Preview Content\"";
				DEVELOPMENT_TEAM = 4ZW26WQ9Q5;
				ENABLE_PREVIEWS = YES;
				INFOPLIST_FILE = "Haxor-news/Info.plist";
				LD_RUNPATH_SEARCH_PATHS = (
					"$(inherited)",
					"@executable_path/Frameworks",
				);
				PRODUCT_BUNDLE_IDENTIFIER = "Bike.Haxor-news";
				PRODUCT_NAME = "$(TARGET_NAME)";
				SWIFT_VERSION = 5.0;
				TARGETED_DEVICE_FAMILY = "1,2";
			};
			name = Release;
		};
		0D6DA59A23ED0DDE0000D1F7 /* Debug */ = {
			isa = XCBuildConfiguration;
			buildSettings = {
				ALWAYS_EMBED_SWIFT_STANDARD_LIBRARIES = YES;
				BUNDLE_LOADER = "$(TEST_HOST)";
				CODE_SIGN_STYLE = Automatic;
				DEVELOPMENT_TEAM = 4ZW26WQ9Q5;
				INFOPLIST_FILE = "Haxor-newsTests/Info.plist";
				IPHONEOS_DEPLOYMENT_TARGET = 13.2;
				LD_RUNPATH_SEARCH_PATHS = (
					"$(inherited)",
					"@executable_path/Frameworks",
					"@loader_path/Frameworks",
				);
				PRODUCT_BUNDLE_IDENTIFIER = "Bike.Haxor-newsTests";
				PRODUCT_NAME = "$(TARGET_NAME)";
				SWIFT_VERSION = 5.0;
				TARGETED_DEVICE_FAMILY = "1,2";
				TEST_HOST = "$(BUILT_PRODUCTS_DIR)/Haxor-news.app/Haxor-news";
			};
			name = Debug;
		};
		0D6DA59B23ED0DDE0000D1F7 /* Release */ = {
			isa = XCBuildConfiguration;
			buildSettings = {
				ALWAYS_EMBED_SWIFT_STANDARD_LIBRARIES = YES;
				BUNDLE_LOADER = "$(TEST_HOST)";
				CODE_SIGN_STYLE = Automatic;
				DEVELOPMENT_TEAM = 4ZW26WQ9Q5;
				INFOPLIST_FILE = "Haxor-newsTests/Info.plist";
				IPHONEOS_DEPLOYMENT_TARGET = 13.2;
				LD_RUNPATH_SEARCH_PATHS = (
					"$(inherited)",
					"@executable_path/Frameworks",
					"@loader_path/Frameworks",
				);
				PRODUCT_BUNDLE_IDENTIFIER = "Bike.Haxor-newsTests";
				PRODUCT_NAME = "$(TARGET_NAME)";
				SWIFT_VERSION = 5.0;
				TARGETED_DEVICE_FAMILY = "1,2";
				TEST_HOST = "$(BUILT_PRODUCTS_DIR)/Haxor-news.app/Haxor-news";
			};
			name = Release;
		};
		0D6DA59D23ED0DDE0000D1F7 /* Debug */ = {
			isa = XCBuildConfiguration;
			buildSettings = {
				ALWAYS_EMBED_SWIFT_STANDARD_LIBRARIES = YES;
				CODE_SIGN_STYLE = Automatic;
				DEVELOPMENT_TEAM = 4ZW26WQ9Q5;
				INFOPLIST_FILE = "Haxor-newsUITests/Info.plist";
				LD_RUNPATH_SEARCH_PATHS = (
					"$(inherited)",
					"@executable_path/Frameworks",
					"@loader_path/Frameworks",
				);
				PRODUCT_BUNDLE_IDENTIFIER = "Bike.Haxor-newsUITests";
				PRODUCT_NAME = "$(TARGET_NAME)";
				SWIFT_VERSION = 5.0;
				TARGETED_DEVICE_FAMILY = "1,2";
				TEST_TARGET_NAME = "Haxor-news";
			};
			name = Debug;
		};
		0D6DA59E23ED0DDE0000D1F7 /* Release */ = {
			isa = XCBuildConfiguration;
			buildSettings = {
				ALWAYS_EMBED_SWIFT_STANDARD_LIBRARIES = YES;
				CODE_SIGN_STYLE = Automatic;
				DEVELOPMENT_TEAM = 4ZW26WQ9Q5;
				INFOPLIST_FILE = "Haxor-newsUITests/Info.plist";
				LD_RUNPATH_SEARCH_PATHS = (
					"$(inherited)",
					"@executable_path/Frameworks",
					"@loader_path/Frameworks",
				);
				PRODUCT_BUNDLE_IDENTIFIER = "Bike.Haxor-newsUITests";
				PRODUCT_NAME = "$(TARGET_NAME)";
				SWIFT_VERSION = 5.0;
				TARGETED_DEVICE_FAMILY = "1,2";
				TEST_TARGET_NAME = "Haxor-news";
			};
			name = Release;
		};
/* End XCBuildConfiguration section */

/* Begin XCConfigurationList section */
		0D6DA56723ED0DDC0000D1F7 /* Build configuration list for PBXProject "Haxor-news" */ = {
			isa = XCConfigurationList;
			buildConfigurations = (
				0D6DA59423ED0DDE0000D1F7 /* Debug */,
				0D6DA59523ED0DDE0000D1F7 /* Release */,
			);
			defaultConfigurationIsVisible = 0;
			defaultConfigurationName = Release;
		};
		0D6DA59623ED0DDE0000D1F7 /* Build configuration list for PBXNativeTarget "Haxor-news" */ = {
			isa = XCConfigurationList;
			buildConfigurations = (
				0D6DA59723ED0DDE0000D1F7 /* Debug */,
				0D6DA59823ED0DDE0000D1F7 /* Release */,
			);
			defaultConfigurationIsVisible = 0;
			defaultConfigurationName = Release;
		};
		0D6DA59923ED0DDE0000D1F7 /* Build configuration list for PBXNativeTarget "Haxor-newsTests" */ = {
			isa = XCConfigurationList;
			buildConfigurations = (
				0D6DA59A23ED0DDE0000D1F7 /* Debug */,
				0D6DA59B23ED0DDE0000D1F7 /* Release */,
			);
			defaultConfigurationIsVisible = 0;
			defaultConfigurationName = Release;
		};
		0D6DA59C23ED0DDE0000D1F7 /* Build configuration list for PBXNativeTarget "Haxor-newsUITests" */ = {
			isa = XCConfigurationList;
			buildConfigurations = (
				0D6DA59D23ED0DDE0000D1F7 /* Debug */,
				0D6DA59E23ED0DDE0000D1F7 /* Release */,
			);
			defaultConfigurationIsVisible = 0;
			defaultConfigurationName = Release;
		};
/* End XCConfigurationList section */
	};
	rootObject = 0D6DA56423ED0DDC0000D1F7 /* Project object */;
}
